
Microsoft Visual Studio Solution File, Format Version 12.00
# Visual Studio 2012
Project("{8BC9CEB8-8B4A-11D0-8D11-00A0C91BC942}") = "Rendering", "Rendering\Rendering.vcxproj", "{616E8602-EA17-4DFE-B676-740A3F3F1BEC}"
EndProject
Project("{8BC9CEB8-8B4A-11D0-8D11-00A0C91BC942}") = "ResourceManager", "ResourceManager\ResourceManager.vcxproj", "{2A1AD245-FF28-4340-A9BB-E2F9952590B6}"
EndProject
Project("{8BC9CEB8-8B4A-11D0-8D11-00A0C91BC942}") = "Core", "Core\Core.vcxproj", "{1A1B9AC2-6E71-4D4B-881D-98A2CA9CA2F7}"
	ProjectSection(ProjectDependencies) = postProject
		{2A1AD245-FF28-4340-A9BB-E2F9952590B6} = {2A1AD245-FF28-4340-A9BB-E2F9952590B6}
	EndProjectSection
EndProject
Project("{8BC9CEB8-8B4A-11D0-8D11-00A0C91BC942}") = "Collision", "Collision\Collision.vcxproj", "{CB1CE63E-2C7D-4F75-94B8-C44C8B790926}"
EndProject
Project("{8BC9CEB8-8B4A-11D0-8D11-00A0C91BC942}") = "Audio", "Audio\Audio.vcxproj", "{13B42E8D-684A-4994-88F6-FE7275983553}"
EndProject
Project("{8BC9CEB8-8B4A-11D0-8D11-00A0C91BC942}") = "Input", "Input\Input.vcxproj", "{1167253C-B6CE-4B81-8F24-6A1C274DDCF2}"
EndProject
Project("{8BC9CEB8-8B4A-11D0-8D11-00A0C91BC942}") = "SceneManager", "SceneManager\SceneManager.vcxproj", "{DC8D4807-A963-42AA-865C-184FCB0B514F}"
EndProject
Project("{2150E333-8FDC-42A3-9474-1A3956D46DE8}") = "Examples", "Examples", "{CA6F7F96-C747-49BF-A235-0B1FF55B55FF}"
EndProject
Project("{8BC9CEB8-8B4A-11D0-8D11-00A0C91BC942}") = "SimpleRendering", "Examples\SimpleRendering\SimpleRendering.vcxproj", "{BF5F3B85-A969-494C-9A48-52371A7AD0A7}"
	ProjectSection(ProjectDependencies) = postProject
		{DC8D4807-A963-42AA-865C-184FCB0B514F} = {DC8D4807-A963-42AA-865C-184FCB0B514F}
	EndProjectSection
EndProject
Global
	GlobalSection(SolutionConfigurationPlatforms) = preSolution
		Debug|Win32 = Debug|Win32
		Debug|x64 = Debug|x64
		Release|Win32 = Release|Win32
		Release|x64 = Release|x64
	EndGlobalSection
	GlobalSection(ProjectConfigurationPlatforms) = postSolution
		{616E8602-EA17-4DFE-B676-740A3F3F1BEC}.Debug|Win32.ActiveCfg = Debug|Win32
		{616E8602-EA17-4DFE-B676-740A3F3F1BEC}.Debug|Win32.Build.0 = Debug|Win32
		{616E8602-EA17-4DFE-B676-740A3F3F1BEC}.Debug|x64.ActiveCfg = Debug|x64
		{616E8602-EA17-4DFE-B676-740A3F3F1BEC}.Debug|x64.Build.0 = Debug|x64
		{616E8602-EA17-4DFE-B676-740A3F3F1BEC}.Release|Win32.ActiveCfg = Release|Win32
		{616E8602-EA17-4DFE-B676-740A3F3F1BEC}.Release|Win32.Build.0 = Release|Win32
		{616E8602-EA17-4DFE-B676-740A3F3F1BEC}.Release|x64.ActiveCfg = Release|x64
		{616E8602-EA17-4DFE-B676-740A3F3F1BEC}.Release|x64.Build.0 = Release|x64
		{2A1AD245-FF28-4340-A9BB-E2F9952590B6}.Debug|Win32.ActiveCfg = Debug|Win32
		{2A1AD245-FF28-4340-A9BB-E2F9952590B6}.Debug|Win32.Build.0 = Debug|Win32
		{2A1AD245-FF28-4340-A9BB-E2F9952590B6}.Debug|x64.ActiveCfg = Debug|x64
		{2A1AD245-FF28-4340-A9BB-E2F9952590B6}.Debug|x64.Build.0 = Debug|x64
		{2A1AD245-FF28-4340-A9BB-E2F9952590B6}.Release|Win32.ActiveCfg = Release|Win32
		{2A1AD245-FF28-4340-A9BB-E2F9952590B6}.Release|Win32.Build.0 = Release|Win32
		{2A1AD245-FF28-4340-A9BB-E2F9952590B6}.Release|x64.ActiveCfg = Release|x64
		{2A1AD245-FF28-4340-A9BB-E2F9952590B6}.Release|x64.Build.0 = Release|x64
		{1A1B9AC2-6E71-4D4B-881D-98A2CA9CA2F7}.Debug|Win32.ActiveCfg = Debug|Win32
		{1A1B9AC2-6E71-4D4B-881D-98A2CA9CA2F7}.Debug|Win32.Build.0 = Debug|Win32
		{1A1B9AC2-6E71-4D4B-881D-98A2CA9CA2F7}.Debug|x64.ActiveCfg = Debug|x64
		{1A1B9AC2-6E71-4D4B-881D-98A2CA9CA2F7}.Debug|x64.Build.0 = Debug|x64
		{1A1B9AC2-6E71-4D4B-881D-98A2CA9CA2F7}.Release|Win32.ActiveCfg = Release|Win32
		{1A1B9AC2-6E71-4D4B-881D-98A2CA9CA2F7}.Release|Win32.Build.0 = Release|Win32
		{1A1B9AC2-6E71-4D4B-881D-98A2CA9CA2F7}.Release|x64.ActiveCfg = Release|x64
		{1A1B9AC2-6E71-4D4B-881D-98A2CA9CA2F7}.Release|x64.Build.0 = Release|x64
		{CB1CE63E-2C7D-4F75-94B8-C44C8B790926}.Debug|Win32.ActiveCfg = Debug|Win32
		{CB1CE63E-2C7D-4F75-94B8-C44C8B790926}.Debug|Win32.Build.0 = Debug|Win32
		{CB1CE63E-2C7D-4F75-94B8-C44C8B790926}.Debug|x64.ActiveCfg = Debug|x64
		{CB1CE63E-2C7D-4F75-94B8-C44C8B790926}.Debug|x64.Build.0 = Debug|x64
		{CB1CE63E-2C7D-4F75-94B8-C44C8B790926}.Release|Win32.ActiveCfg = Release|Win32
		{CB1CE63E-2C7D-4F75-94B8-C44C8B790926}.Release|Win32.Build.0 = Release|Win32
		{CB1CE63E-2C7D-4F75-94B8-C44C8B790926}.Release|x64.ActiveCfg = Release|x64
		{CB1CE63E-2C7D-4F75-94B8-C44C8B790926}.Release|x64.Build.0 = Release|x64
		{13B42E8D-684A-4994-88F6-FE7275983553}.Debug|Win32.ActiveCfg = Debug|Win32
		{13B42E8D-684A-4994-88F6-FE7275983553}.Debug|Win32.Build.0 = Debug|Win32
		{13B42E8D-684A-4994-88F6-FE7275983553}.Debug|x64.ActiveCfg = Debug|x64
		{13B42E8D-684A-4994-88F6-FE7275983553}.Debug|x64.Build.0 = Debug|x64
		{13B42E8D-684A-4994-88F6-FE7275983553}.Release|Win32.ActiveCfg = Release|Win32
		{13B42E8D-684A-4994-88F6-FE7275983553}.Release|Win32.Build.0 = Release|Win32
		{13B42E8D-684A-4994-88F6-FE7275983553}.Release|x64.ActiveCfg = Release|x64
		{13B42E8D-684A-4994-88F6-FE7275983553}.Release|x64.Build.0 = Release|x64
		{1167253C-B6CE-4B81-8F24-6A1C274DDCF2}.Debug|Win32.ActiveCfg = Debug|Win32
		{1167253C-B6CE-4B81-8F24-6A1C274DDCF2}.Debug|Win32.Build.0 = Debug|Win32
		{1167253C-B6CE-4B81-8F24-6A1C274DDCF2}.Debug|x64.ActiveCfg = Debug|x64
		{1167253C-B6CE-4B81-8F24-6A1C274DDCF2}.Debug|x64.Build.0 = Debug|x64
		{1167253C-B6CE-4B81-8F24-6A1C274DDCF2}.Release|Win32.ActiveCfg = Release|Win32
		{1167253C-B6CE-4B81-8F24-6A1C274DDCF2}.Release|Win32.Build.0 = Release|Win32
		{1167253C-B6CE-4B81-8F24-6A1C274DDCF2}.Release|x64.ActiveCfg = Release|x64
		{1167253C-B6CE-4B81-8F24-6A1C274DDCF2}.Release|x64.Build.0 = Release|x64
		{DC8D4807-A963-42AA-865C-184FCB0B514F}.Debug|Win32.ActiveCfg = Debug|Win32
		{DC8D4807-A963-42AA-865C-184FCB0B514F}.Debug|Win32.Build.0 = Debug|Win32
		{DC8D4807-A963-42AA-865C-184FCB0B514F}.Debug|x64.ActiveCfg = Debug|x64
		{DC8D4807-A963-42AA-865C-184FCB0B514F}.Debug|x64.Build.0 = Debug|x64
		{DC8D4807-A963-42AA-865C-184FCB0B514F}.Release|Win32.ActiveCfg = Release|Win32
		{DC8D4807-A963-42AA-865C-184FCB0B514F}.Release|Win32.Build.0 = Release|Win32
		{DC8D4807-A963-42AA-865C-184FCB0B514F}.Release|x64.ActiveCfg = Release|x64
		{DC8D4807-A963-42AA-865C-184FCB0B514F}.Release|x64.Build.0 = Release|x64
		{BF5F3B85-A969-494C-9A48-52371A7AD0A7}.Debug|Win32.ActiveCfg = Debug|Win32
		{BF5F3B85-A969-494C-9A48-52371A7AD0A7}.Debug|Win32.Build.0 = Debug|Win32
		{BF5F3B85-A969-494C-9A48-52371A7AD0A7}.Debug|x64.ActiveCfg = Debug|x64
		{BF5F3B85-A969-494C-9A48-52371A7AD0A7}.Debug|x64.Build.0 = Debug|x64
		{BF5F3B85-A969-494C-9A48-52371A7AD0A7}.Release|Win32.ActiveCfg = Release|Win32
		{BF5F3B85-A969-494C-9A48-52371A7AD0A7}.Release|Win32.Build.0 = Release|Win32
		{BF5F3B85-A969-494C-9A48-52371A7AD0A7}.Release|x64.ActiveCfg = Release|x64
		{BF5F3B85-A969-494C-9A48-52371A7AD0A7}.Release|x64.Build.0 = Release|x64
	EndGlobalSection
	GlobalSection(SolutionProperties) = preSolution
		HideSolutionNode = FALSE
	EndGlobalSection
	GlobalSection(NestedProjects) = preSolution
		{BF5F3B85-A969-494C-9A48-52371A7AD0A7} = {CA6F7F96-C747-49BF-A235-0B1FF55B55FF}
	EndGlobalSection
EndGlobal
