
Microsoft Visual Studio Solution File, Format Version 12.00
# Visual Studio 2013
VisualStudioVersion = 12.0.21005.1
MinimumVisualStudioVersion = 10.0.40219.1
Project("{8BC9CEB8-8B4A-11D0-8D11-00A0C91BC942}") = "Rendering", "Rendering\Rendering.vcxproj", "{616E8602-EA17-4DFE-B676-740A3F3F1BEC}"
EndProject
Project("{8BC9CEB8-8B4A-11D0-8D11-00A0C91BC942}") = "ResourceManager", "ResourceManager\ResourceManager.vcxproj", "{2A1AD245-FF28-4340-A9BB-E2F9952590B6}"
EndProject
Project("{8BC9CEB8-8B4A-11D0-8D11-00A0C91BC942}") = "Core", "Core\Core.vcxproj", "{1A1B9AC2-6E71-4D4B-881D-98A2CA9CA2F7}"
	ProjectSection(ProjectDependencies) = postProject
		{DC8D4807-A963-42AA-865C-184FCB0B514F} = {DC8D4807-A963-42AA-865C-184FCB0B514F}
		{2A1AD245-FF28-4340-A9BB-E2F9952590B6} = {2A1AD245-FF28-4340-A9BB-E2F9952590B6}
	EndProjectSection
EndProject
Project("{8BC9CEB8-8B4A-11D0-8D11-00A0C91BC942}") = "Collision", "Collision\Collision.vcxproj", "{CB1CE63E-2C7D-4F75-94B8-C44C8B790926}"
EndProject
Project("{8BC9CEB8-8B4A-11D0-8D11-00A0C91BC942}") = "Audio", "Audio\Audio.vcxproj", "{13B42E8D-684A-4994-88F6-FE7275983553}"
EndProject
Project("{8BC9CEB8-8B4A-11D0-8D11-00A0C91BC942}") = "Input", "Input\Input.vcxproj", "{1167253C-B6CE-4B81-8F24-6A1C274DDCF2}"
EndProject
Project("{8BC9CEB8-8B4A-11D0-8D11-00A0C91BC942}") = "SceneManager", "SceneManager\SceneManager.vcxproj", "{DC8D4807-A963-42AA-865C-184FCB0B514F}"
EndProject
Project("{2150E333-8FDC-42A3-9474-1A3956D46DE8}") = "Examples", "Examples", "{CA6F7F96-C747-49BF-A235-0B1FF55B55FF}"
EndProject
Project("{8BC9CEB8-8B4A-11D0-8D11-00A0C91BC942}") = "SimpleRendering", "Examples\SimpleRendering\SimpleRendering.vcxproj", "{BF5F3B85-A969-494C-9A48-52371A7AD0A7}"
EndProject
Project("{2150E333-8FDC-42A3-9474-1A3956D46DE8}") = "Vendor", "Vendor", "{F0E58BE1-C659-4E21-A31D-05E39E949F36}"
EndProject
Global
	GlobalSection(SolutionConfigurationPlatforms) = preSolution
		Debug|Mixed Platforms = Debug|Mixed Platforms
		Debug|Win32 = Debug|Win32
		Debug|x64 = Debug|x64
		DLL Debug|Mixed Platforms = DLL Debug|Mixed Platforms
		DLL Debug|Win32 = DLL Debug|Win32
		DLL Debug|x64 = DLL Debug|x64
		DLL Release|Mixed Platforms = DLL Release|Mixed Platforms
		DLL Release|Win32 = DLL Release|Win32
		DLL Release|x64 = DLL Release|x64
		DLL VB|Mixed Platforms = DLL VB|Mixed Platforms
		DLL VB|Win32 = DLL VB|Win32
		DLL VB|x64 = DLL VB|x64
		LIB Debug|Mixed Platforms = LIB Debug|Mixed Platforms
		LIB Debug|Win32 = LIB Debug|Win32
		LIB Debug|x64 = LIB Debug|x64
		LIB Release|Mixed Platforms = LIB Release|Mixed Platforms
		LIB Release|Win32 = LIB Release|Win32
		LIB Release|x64 = LIB Release|x64
		Release|Mixed Platforms = Release|Mixed Platforms
		Release|Win32 = Release|Win32
		Release|x64 = Release|x64
	EndGlobalSection
	GlobalSection(ProjectConfigurationPlatforms) = postSolution
		{616E8602-EA17-4DFE-B676-740A3F3F1BEC}.Debug|Mixed Platforms.ActiveCfg = Debug|x64
		{616E8602-EA17-4DFE-B676-740A3F3F1BEC}.Debug|Mixed Platforms.Build.0 = Debug|x64
		{616E8602-EA17-4DFE-B676-740A3F3F1BEC}.Debug|Win32.ActiveCfg = Debug|Win32
		{616E8602-EA17-4DFE-B676-740A3F3F1BEC}.Debug|Win32.Build.0 = Debug|Win32
		{616E8602-EA17-4DFE-B676-740A3F3F1BEC}.Debug|x64.ActiveCfg = Debug|x64
		{616E8602-EA17-4DFE-B676-740A3F3F1BEC}.Debug|x64.Build.0 = Debug|x64
		{616E8602-EA17-4DFE-B676-740A3F3F1BEC}.DLL Debug|Mixed Platforms.ActiveCfg = Debug|Win32
		{616E8602-EA17-4DFE-B676-740A3F3F1BEC}.DLL Debug|Mixed Platforms.Build.0 = Debug|Win32
		{616E8602-EA17-4DFE-B676-740A3F3F1BEC}.DLL Debug|Win32.ActiveCfg = Debug|Win32
		{616E8602-EA17-4DFE-B676-740A3F3F1BEC}.DLL Debug|Win32.Build.0 = Debug|Win32
		{616E8602-EA17-4DFE-B676-740A3F3F1BEC}.DLL Debug|x64.ActiveCfg = Debug|x64
		{616E8602-EA17-4DFE-B676-740A3F3F1BEC}.DLL Debug|x64.Build.0 = Debug|x64
		{616E8602-EA17-4DFE-B676-740A3F3F1BEC}.DLL Release|Mixed Platforms.ActiveCfg = Release|Win32
		{616E8602-EA17-4DFE-B676-740A3F3F1BEC}.DLL Release|Mixed Platforms.Build.0 = Release|Win32
		{616E8602-EA17-4DFE-B676-740A3F3F1BEC}.DLL Release|Win32.ActiveCfg = Release|Win32
		{616E8602-EA17-4DFE-B676-740A3F3F1BEC}.DLL Release|Win32.Build.0 = Release|Win32
		{616E8602-EA17-4DFE-B676-740A3F3F1BEC}.DLL Release|x64.ActiveCfg = Release|x64
		{616E8602-EA17-4DFE-B676-740A3F3F1BEC}.DLL Release|x64.Build.0 = Release|x64
		{616E8602-EA17-4DFE-B676-740A3F3F1BEC}.DLL VB|Mixed Platforms.ActiveCfg = Debug|Win32
		{616E8602-EA17-4DFE-B676-740A3F3F1BEC}.DLL VB|Mixed Platforms.Build.0 = Debug|Win32
		{616E8602-EA17-4DFE-B676-740A3F3F1BEC}.DLL VB|Win32.ActiveCfg = Debug|Win32
		{616E8602-EA17-4DFE-B676-740A3F3F1BEC}.DLL VB|Win32.Build.0 = Debug|Win32
		{616E8602-EA17-4DFE-B676-740A3F3F1BEC}.DLL VB|x64.ActiveCfg = Debug|x64
		{616E8602-EA17-4DFE-B676-740A3F3F1BEC}.DLL VB|x64.Build.0 = Debug|x64
		{616E8602-EA17-4DFE-B676-740A3F3F1BEC}.LIB Debug|Mixed Platforms.ActiveCfg = Debug|Win32
		{616E8602-EA17-4DFE-B676-740A3F3F1BEC}.LIB Debug|Mixed Platforms.Build.0 = Debug|Win32
		{616E8602-EA17-4DFE-B676-740A3F3F1BEC}.LIB Debug|Win32.ActiveCfg = Debug|Win32
		{616E8602-EA17-4DFE-B676-740A3F3F1BEC}.LIB Debug|Win32.Build.0 = Debug|Win32
		{616E8602-EA17-4DFE-B676-740A3F3F1BEC}.LIB Debug|x64.ActiveCfg = Debug|x64
		{616E8602-EA17-4DFE-B676-740A3F3F1BEC}.LIB Debug|x64.Build.0 = Debug|x64
		{616E8602-EA17-4DFE-B676-740A3F3F1BEC}.LIB Release|Mixed Platforms.ActiveCfg = Release|Win32
		{616E8602-EA17-4DFE-B676-740A3F3F1BEC}.LIB Release|Mixed Platforms.Build.0 = Release|Win32
		{616E8602-EA17-4DFE-B676-740A3F3F1BEC}.LIB Release|Win32.ActiveCfg = Release|Win32
		{616E8602-EA17-4DFE-B676-740A3F3F1BEC}.LIB Release|Win32.Build.0 = Release|Win32
		{616E8602-EA17-4DFE-B676-740A3F3F1BEC}.LIB Release|x64.ActiveCfg = Release|x64
		{616E8602-EA17-4DFE-B676-740A3F3F1BEC}.LIB Release|x64.Build.0 = Release|x64
		{616E8602-EA17-4DFE-B676-740A3F3F1BEC}.Release|Mixed Platforms.ActiveCfg = Release|Win32
		{616E8602-EA17-4DFE-B676-740A3F3F1BEC}.Release|Mixed Platforms.Build.0 = Release|Win32
		{616E8602-EA17-4DFE-B676-740A3F3F1BEC}.Release|Win32.ActiveCfg = Release|Win32
		{616E8602-EA17-4DFE-B676-740A3F3F1BEC}.Release|Win32.Build.0 = Release|Win32
		{616E8602-EA17-4DFE-B676-740A3F3F1BEC}.Release|x64.ActiveCfg = Release|x64
		{616E8602-EA17-4DFE-B676-740A3F3F1BEC}.Release|x64.Build.0 = Release|x64
		{2A1AD245-FF28-4340-A9BB-E2F9952590B6}.Debug|Mixed Platforms.ActiveCfg = Debug|x64
		{2A1AD245-FF28-4340-A9BB-E2F9952590B6}.Debug|Mixed Platforms.Build.0 = Debug|x64
		{2A1AD245-FF28-4340-A9BB-E2F9952590B6}.Debug|Win32.ActiveCfg = Debug|Win32
		{2A1AD245-FF28-4340-A9BB-E2F9952590B6}.Debug|Win32.Build.0 = Debug|Win32
		{2A1AD245-FF28-4340-A9BB-E2F9952590B6}.Debug|x64.ActiveCfg = Debug|x64
		{2A1AD245-FF28-4340-A9BB-E2F9952590B6}.Debug|x64.Build.0 = Debug|x64
		{2A1AD245-FF28-4340-A9BB-E2F9952590B6}.DLL Debug|Mixed Platforms.ActiveCfg = Debug|Win32
		{2A1AD245-FF28-4340-A9BB-E2F9952590B6}.DLL Debug|Mixed Platforms.Build.0 = Debug|Win32
		{2A1AD245-FF28-4340-A9BB-E2F9952590B6}.DLL Debug|Win32.ActiveCfg = Debug|Win32
		{2A1AD245-FF28-4340-A9BB-E2F9952590B6}.DLL Debug|Win32.Build.0 = Debug|Win32
		{2A1AD245-FF28-4340-A9BB-E2F9952590B6}.DLL Debug|x64.ActiveCfg = Debug|x64
		{2A1AD245-FF28-4340-A9BB-E2F9952590B6}.DLL Debug|x64.Build.0 = Debug|x64
		{2A1AD245-FF28-4340-A9BB-E2F9952590B6}.DLL Release|Mixed Platforms.ActiveCfg = Release|Win32
		{2A1AD245-FF28-4340-A9BB-E2F9952590B6}.DLL Release|Mixed Platforms.Build.0 = Release|Win32
		{2A1AD245-FF28-4340-A9BB-E2F9952590B6}.DLL Release|Win32.ActiveCfg = Release|Win32
		{2A1AD245-FF28-4340-A9BB-E2F9952590B6}.DLL Release|Win32.Build.0 = Release|Win32
		{2A1AD245-FF28-4340-A9BB-E2F9952590B6}.DLL Release|x64.ActiveCfg = Release|x64
		{2A1AD245-FF28-4340-A9BB-E2F9952590B6}.DLL Release|x64.Build.0 = Release|x64
		{2A1AD245-FF28-4340-A9BB-E2F9952590B6}.DLL VB|Mixed Platforms.ActiveCfg = Debug|Win32
		{2A1AD245-FF28-4340-A9BB-E2F9952590B6}.DLL VB|Mixed Platforms.Build.0 = Debug|Win32
		{2A1AD245-FF28-4340-A9BB-E2F9952590B6}.DLL VB|Win32.ActiveCfg = Debug|Win32
		{2A1AD245-FF28-4340-A9BB-E2F9952590B6}.DLL VB|Win32.Build.0 = Debug|Win32
		{2A1AD245-FF28-4340-A9BB-E2F9952590B6}.DLL VB|x64.ActiveCfg = Debug|x64
		{2A1AD245-FF28-4340-A9BB-E2F9952590B6}.DLL VB|x64.Build.0 = Debug|x64
		{2A1AD245-FF28-4340-A9BB-E2F9952590B6}.LIB Debug|Mixed Platforms.ActiveCfg = Debug|Win32
		{2A1AD245-FF28-4340-A9BB-E2F9952590B6}.LIB Debug|Mixed Platforms.Build.0 = Debug|Win32
		{2A1AD245-FF28-4340-A9BB-E2F9952590B6}.LIB Debug|Win32.ActiveCfg = Debug|Win32
		{2A1AD245-FF28-4340-A9BB-E2F9952590B6}.LIB Debug|Win32.Build.0 = Debug|Win32
		{2A1AD245-FF28-4340-A9BB-E2F9952590B6}.LIB Debug|x64.ActiveCfg = Debug|x64
		{2A1AD245-FF28-4340-A9BB-E2F9952590B6}.LIB Debug|x64.Build.0 = Debug|x64
		{2A1AD245-FF28-4340-A9BB-E2F9952590B6}.LIB Release|Mixed Platforms.ActiveCfg = Release|Win32
		{2A1AD245-FF28-4340-A9BB-E2F9952590B6}.LIB Release|Mixed Platforms.Build.0 = Release|Win32
		{2A1AD245-FF28-4340-A9BB-E2F9952590B6}.LIB Release|Win32.ActiveCfg = Release|Win32
		{2A1AD245-FF28-4340-A9BB-E2F9952590B6}.LIB Release|Win32.Build.0 = Release|Win32
		{2A1AD245-FF28-4340-A9BB-E2F9952590B6}.LIB Release|x64.ActiveCfg = Release|x64
		{2A1AD245-FF28-4340-A9BB-E2F9952590B6}.LIB Release|x64.Build.0 = Release|x64
		{2A1AD245-FF28-4340-A9BB-E2F9952590B6}.Release|Mixed Platforms.ActiveCfg = Release|Win32
		{2A1AD245-FF28-4340-A9BB-E2F9952590B6}.Release|Mixed Platforms.Build.0 = Release|Win32
		{2A1AD245-FF28-4340-A9BB-E2F9952590B6}.Release|Win32.ActiveCfg = Release|Win32
		{2A1AD245-FF28-4340-A9BB-E2F9952590B6}.Release|Win32.Build.0 = Release|Win32
		{2A1AD245-FF28-4340-A9BB-E2F9952590B6}.Release|x64.ActiveCfg = Release|x64
		{2A1AD245-FF28-4340-A9BB-E2F9952590B6}.Release|x64.Build.0 = Release|x64
		{1A1B9AC2-6E71-4D4B-881D-98A2CA9CA2F7}.Debug|Mixed Platforms.ActiveCfg = Debug|x64
		{1A1B9AC2-6E71-4D4B-881D-98A2CA9CA2F7}.Debug|Mixed Platforms.Build.0 = Debug|x64
		{1A1B9AC2-6E71-4D4B-881D-98A2CA9CA2F7}.Debug|Win32.ActiveCfg = Debug|Win32
		{1A1B9AC2-6E71-4D4B-881D-98A2CA9CA2F7}.Debug|Win32.Build.0 = Debug|Win32
		{1A1B9AC2-6E71-4D4B-881D-98A2CA9CA2F7}.Debug|x64.ActiveCfg = Debug|x64
		{1A1B9AC2-6E71-4D4B-881D-98A2CA9CA2F7}.Debug|x64.Build.0 = Debug|x64
		{1A1B9AC2-6E71-4D4B-881D-98A2CA9CA2F7}.DLL Debug|Mixed Platforms.ActiveCfg = Debug|Win32
		{1A1B9AC2-6E71-4D4B-881D-98A2CA9CA2F7}.DLL Debug|Mixed Platforms.Build.0 = Debug|Win32
		{1A1B9AC2-6E71-4D4B-881D-98A2CA9CA2F7}.DLL Debug|Win32.ActiveCfg = Debug|Win32
		{1A1B9AC2-6E71-4D4B-881D-98A2CA9CA2F7}.DLL Debug|Win32.Build.0 = Debug|Win32
		{1A1B9AC2-6E71-4D4B-881D-98A2CA9CA2F7}.DLL Debug|x64.ActiveCfg = Debug|x64
		{1A1B9AC2-6E71-4D4B-881D-98A2CA9CA2F7}.DLL Debug|x64.Build.0 = Debug|x64
		{1A1B9AC2-6E71-4D4B-881D-98A2CA9CA2F7}.DLL Release|Mixed Platforms.ActiveCfg = Release|Win32
		{1A1B9AC2-6E71-4D4B-881D-98A2CA9CA2F7}.DLL Release|Mixed Platforms.Build.0 = Release|Win32
		{1A1B9AC2-6E71-4D4B-881D-98A2CA9CA2F7}.DLL Release|Win32.ActiveCfg = Release|Win32
		{1A1B9AC2-6E71-4D4B-881D-98A2CA9CA2F7}.DLL Release|Win32.Build.0 = Release|Win32
		{1A1B9AC2-6E71-4D4B-881D-98A2CA9CA2F7}.DLL Release|x64.ActiveCfg = Release|x64
		{1A1B9AC2-6E71-4D4B-881D-98A2CA9CA2F7}.DLL Release|x64.Build.0 = Release|x64
		{1A1B9AC2-6E71-4D4B-881D-98A2CA9CA2F7}.DLL VB|Mixed Platforms.ActiveCfg = Debug|Win32
		{1A1B9AC2-6E71-4D4B-881D-98A2CA9CA2F7}.DLL VB|Mixed Platforms.Build.0 = Debug|Win32
		{1A1B9AC2-6E71-4D4B-881D-98A2CA9CA2F7}.DLL VB|Win32.ActiveCfg = Debug|Win32
		{1A1B9AC2-6E71-4D4B-881D-98A2CA9CA2F7}.DLL VB|Win32.Build.0 = Debug|Win32
		{1A1B9AC2-6E71-4D4B-881D-98A2CA9CA2F7}.DLL VB|x64.ActiveCfg = Debug|x64
		{1A1B9AC2-6E71-4D4B-881D-98A2CA9CA2F7}.DLL VB|x64.Build.0 = Debug|x64
		{1A1B9AC2-6E71-4D4B-881D-98A2CA9CA2F7}.LIB Debug|Mixed Platforms.ActiveCfg = Debug|Win32
		{1A1B9AC2-6E71-4D4B-881D-98A2CA9CA2F7}.LIB Debug|Mixed Platforms.Build.0 = Debug|Win32
		{1A1B9AC2-6E71-4D4B-881D-98A2CA9CA2F7}.LIB Debug|Win32.ActiveCfg = Debug|Win32
		{1A1B9AC2-6E71-4D4B-881D-98A2CA9CA2F7}.LIB Debug|Win32.Build.0 = Debug|Win32
		{1A1B9AC2-6E71-4D4B-881D-98A2CA9CA2F7}.LIB Debug|x64.ActiveCfg = Debug|x64
		{1A1B9AC2-6E71-4D4B-881D-98A2CA9CA2F7}.LIB Debug|x64.Build.0 = Debug|x64
		{1A1B9AC2-6E71-4D4B-881D-98A2CA9CA2F7}.LIB Release|Mixed Platforms.ActiveCfg = Release|Win32
		{1A1B9AC2-6E71-4D4B-881D-98A2CA9CA2F7}.LIB Release|Mixed Platforms.Build.0 = Release|Win32
		{1A1B9AC2-6E71-4D4B-881D-98A2CA9CA2F7}.LIB Release|Win32.ActiveCfg = Release|Win32
		{1A1B9AC2-6E71-4D4B-881D-98A2CA9CA2F7}.LIB Release|Win32.Build.0 = Release|Win32
		{1A1B9AC2-6E71-4D4B-881D-98A2CA9CA2F7}.LIB Release|x64.ActiveCfg = Release|x64
		{1A1B9AC2-6E71-4D4B-881D-98A2CA9CA2F7}.LIB Release|x64.Build.0 = Release|x64
		{1A1B9AC2-6E71-4D4B-881D-98A2CA9CA2F7}.Release|Mixed Platforms.ActiveCfg = Release|Win32
		{1A1B9AC2-6E71-4D4B-881D-98A2CA9CA2F7}.Release|Mixed Platforms.Build.0 = Release|Win32
		{1A1B9AC2-6E71-4D4B-881D-98A2CA9CA2F7}.Release|Win32.ActiveCfg = Release|Win32
		{1A1B9AC2-6E71-4D4B-881D-98A2CA9CA2F7}.Release|Win32.Build.0 = Release|Win32
		{1A1B9AC2-6E71-4D4B-881D-98A2CA9CA2F7}.Release|x64.ActiveCfg = Release|x64
		{1A1B9AC2-6E71-4D4B-881D-98A2CA9CA2F7}.Release|x64.Build.0 = Release|x64
		{CB1CE63E-2C7D-4F75-94B8-C44C8B790926}.Debug|Mixed Platforms.ActiveCfg = Debug|x64
		{CB1CE63E-2C7D-4F75-94B8-C44C8B790926}.Debug|Mixed Platforms.Build.0 = Debug|x64
		{CB1CE63E-2C7D-4F75-94B8-C44C8B790926}.Debug|Win32.ActiveCfg = Debug|Win32
		{CB1CE63E-2C7D-4F75-94B8-C44C8B790926}.Debug|Win32.Build.0 = Debug|Win32
		{CB1CE63E-2C7D-4F75-94B8-C44C8B790926}.Debug|x64.ActiveCfg = Debug|x64
		{CB1CE63E-2C7D-4F75-94B8-C44C8B790926}.Debug|x64.Build.0 = Debug|x64
		{CB1CE63E-2C7D-4F75-94B8-C44C8B790926}.DLL Debug|Mixed Platforms.ActiveCfg = Debug|Win32
		{CB1CE63E-2C7D-4F75-94B8-C44C8B790926}.DLL Debug|Mixed Platforms.Build.0 = Debug|Win32
		{CB1CE63E-2C7D-4F75-94B8-C44C8B790926}.DLL Debug|Win32.ActiveCfg = Debug|Win32
		{CB1CE63E-2C7D-4F75-94B8-C44C8B790926}.DLL Debug|Win32.Build.0 = Debug|Win32
		{CB1CE63E-2C7D-4F75-94B8-C44C8B790926}.DLL Debug|x64.ActiveCfg = Debug|x64
		{CB1CE63E-2C7D-4F75-94B8-C44C8B790926}.DLL Debug|x64.Build.0 = Debug|x64
		{CB1CE63E-2C7D-4F75-94B8-C44C8B790926}.DLL Release|Mixed Platforms.ActiveCfg = Release|Win32
		{CB1CE63E-2C7D-4F75-94B8-C44C8B790926}.DLL Release|Mixed Platforms.Build.0 = Release|Win32
		{CB1CE63E-2C7D-4F75-94B8-C44C8B790926}.DLL Release|Win32.ActiveCfg = Release|Win32
		{CB1CE63E-2C7D-4F75-94B8-C44C8B790926}.DLL Release|Win32.Build.0 = Release|Win32
		{CB1CE63E-2C7D-4F75-94B8-C44C8B790926}.DLL Release|x64.ActiveCfg = Release|x64
		{CB1CE63E-2C7D-4F75-94B8-C44C8B790926}.DLL Release|x64.Build.0 = Release|x64
		{CB1CE63E-2C7D-4F75-94B8-C44C8B790926}.DLL VB|Mixed Platforms.ActiveCfg = Debug|Win32
		{CB1CE63E-2C7D-4F75-94B8-C44C8B790926}.DLL VB|Mixed Platforms.Build.0 = Debug|Win32
		{CB1CE63E-2C7D-4F75-94B8-C44C8B790926}.DLL VB|Win32.ActiveCfg = Debug|Win32
		{CB1CE63E-2C7D-4F75-94B8-C44C8B790926}.DLL VB|Win32.Build.0 = Debug|Win32
		{CB1CE63E-2C7D-4F75-94B8-C44C8B790926}.DLL VB|x64.ActiveCfg = Debug|x64
		{CB1CE63E-2C7D-4F75-94B8-C44C8B790926}.DLL VB|x64.Build.0 = Debug|x64
		{CB1CE63E-2C7D-4F75-94B8-C44C8B790926}.LIB Debug|Mixed Platforms.ActiveCfg = Debug|Win32
		{CB1CE63E-2C7D-4F75-94B8-C44C8B790926}.LIB Debug|Mixed Platforms.Build.0 = Debug|Win32
		{CB1CE63E-2C7D-4F75-94B8-C44C8B790926}.LIB Debug|Win32.ActiveCfg = Debug|Win32
		{CB1CE63E-2C7D-4F75-94B8-C44C8B790926}.LIB Debug|Win32.Build.0 = Debug|Win32
		{CB1CE63E-2C7D-4F75-94B8-C44C8B790926}.LIB Debug|x64.ActiveCfg = Debug|x64
		{CB1CE63E-2C7D-4F75-94B8-C44C8B790926}.LIB Debug|x64.Build.0 = Debug|x64
		{CB1CE63E-2C7D-4F75-94B8-C44C8B790926}.LIB Release|Mixed Platforms.ActiveCfg = Release|Win32
		{CB1CE63E-2C7D-4F75-94B8-C44C8B790926}.LIB Release|Mixed Platforms.Build.0 = Release|Win32
		{CB1CE63E-2C7D-4F75-94B8-C44C8B790926}.LIB Release|Win32.ActiveCfg = Release|Win32
		{CB1CE63E-2C7D-4F75-94B8-C44C8B790926}.LIB Release|Win32.Build.0 = Release|Win32
		{CB1CE63E-2C7D-4F75-94B8-C44C8B790926}.LIB Release|x64.ActiveCfg = Release|x64
		{CB1CE63E-2C7D-4F75-94B8-C44C8B790926}.LIB Release|x64.Build.0 = Release|x64
		{CB1CE63E-2C7D-4F75-94B8-C44C8B790926}.Release|Mixed Platforms.ActiveCfg = Release|Win32
		{CB1CE63E-2C7D-4F75-94B8-C44C8B790926}.Release|Mixed Platforms.Build.0 = Release|Win32
		{CB1CE63E-2C7D-4F75-94B8-C44C8B790926}.Release|Win32.ActiveCfg = Release|Win32
		{CB1CE63E-2C7D-4F75-94B8-C44C8B790926}.Release|Win32.Build.0 = Release|Win32
		{CB1CE63E-2C7D-4F75-94B8-C44C8B790926}.Release|x64.ActiveCfg = Release|x64
		{CB1CE63E-2C7D-4F75-94B8-C44C8B790926}.Release|x64.Build.0 = Release|x64
		{13B42E8D-684A-4994-88F6-FE7275983553}.Debug|Mixed Platforms.ActiveCfg = Debug|x64
		{13B42E8D-684A-4994-88F6-FE7275983553}.Debug|Mixed Platforms.Build.0 = Debug|x64
		{13B42E8D-684A-4994-88F6-FE7275983553}.Debug|Win32.ActiveCfg = Debug|Win32
		{13B42E8D-684A-4994-88F6-FE7275983553}.Debug|Win32.Build.0 = Debug|Win32
		{13B42E8D-684A-4994-88F6-FE7275983553}.Debug|x64.ActiveCfg = Debug|x64
		{13B42E8D-684A-4994-88F6-FE7275983553}.Debug|x64.Build.0 = Debug|x64
		{13B42E8D-684A-4994-88F6-FE7275983553}.DLL Debug|Mixed Platforms.ActiveCfg = Debug|Win32
		{13B42E8D-684A-4994-88F6-FE7275983553}.DLL Debug|Mixed Platforms.Build.0 = Debug|Win32
		{13B42E8D-684A-4994-88F6-FE7275983553}.DLL Debug|Win32.ActiveCfg = Debug|Win32
		{13B42E8D-684A-4994-88F6-FE7275983553}.DLL Debug|Win32.Build.0 = Debug|Win32
		{13B42E8D-684A-4994-88F6-FE7275983553}.DLL Debug|x64.ActiveCfg = Debug|x64
		{13B42E8D-684A-4994-88F6-FE7275983553}.DLL Debug|x64.Build.0 = Debug|x64
		{13B42E8D-684A-4994-88F6-FE7275983553}.DLL Release|Mixed Platforms.ActiveCfg = Release|Win32
		{13B42E8D-684A-4994-88F6-FE7275983553}.DLL Release|Mixed Platforms.Build.0 = Release|Win32
		{13B42E8D-684A-4994-88F6-FE7275983553}.DLL Release|Win32.ActiveCfg = Release|Win32
		{13B42E8D-684A-4994-88F6-FE7275983553}.DLL Release|Win32.Build.0 = Release|Win32
		{13B42E8D-684A-4994-88F6-FE7275983553}.DLL Release|x64.ActiveCfg = Release|x64
		{13B42E8D-684A-4994-88F6-FE7275983553}.DLL Release|x64.Build.0 = Release|x64
		{13B42E8D-684A-4994-88F6-FE7275983553}.DLL VB|Mixed Platforms.ActiveCfg = Debug|Win32
		{13B42E8D-684A-4994-88F6-FE7275983553}.DLL VB|Mixed Platforms.Build.0 = Debug|Win32
		{13B42E8D-684A-4994-88F6-FE7275983553}.DLL VB|Win32.ActiveCfg = Debug|Win32
		{13B42E8D-684A-4994-88F6-FE7275983553}.DLL VB|Win32.Build.0 = Debug|Win32
		{13B42E8D-684A-4994-88F6-FE7275983553}.DLL VB|x64.ActiveCfg = Debug|x64
		{13B42E8D-684A-4994-88F6-FE7275983553}.DLL VB|x64.Build.0 = Debug|x64
		{13B42E8D-684A-4994-88F6-FE7275983553}.LIB Debug|Mixed Platforms.ActiveCfg = Debug|Win32
		{13B42E8D-684A-4994-88F6-FE7275983553}.LIB Debug|Mixed Platforms.Build.0 = Debug|Win32
		{13B42E8D-684A-4994-88F6-FE7275983553}.LIB Debug|Win32.ActiveCfg = Debug|Win32
		{13B42E8D-684A-4994-88F6-FE7275983553}.LIB Debug|Win32.Build.0 = Debug|Win32
		{13B42E8D-684A-4994-88F6-FE7275983553}.LIB Debug|x64.ActiveCfg = Debug|x64
		{13B42E8D-684A-4994-88F6-FE7275983553}.LIB Debug|x64.Build.0 = Debug|x64
		{13B42E8D-684A-4994-88F6-FE7275983553}.LIB Release|Mixed Platforms.ActiveCfg = Release|Win32
		{13B42E8D-684A-4994-88F6-FE7275983553}.LIB Release|Mixed Platforms.Build.0 = Release|Win32
		{13B42E8D-684A-4994-88F6-FE7275983553}.LIB Release|Win32.ActiveCfg = Release|Win32
		{13B42E8D-684A-4994-88F6-FE7275983553}.LIB Release|Win32.Build.0 = Release|Win32
		{13B42E8D-684A-4994-88F6-FE7275983553}.LIB Release|x64.ActiveCfg = Release|x64
		{13B42E8D-684A-4994-88F6-FE7275983553}.LIB Release|x64.Build.0 = Release|x64
		{13B42E8D-684A-4994-88F6-FE7275983553}.Release|Mixed Platforms.ActiveCfg = Release|Win32
		{13B42E8D-684A-4994-88F6-FE7275983553}.Release|Mixed Platforms.Build.0 = Release|Win32
		{13B42E8D-684A-4994-88F6-FE7275983553}.Release|Win32.ActiveCfg = Release|Win32
		{13B42E8D-684A-4994-88F6-FE7275983553}.Release|Win32.Build.0 = Release|Win32
		{13B42E8D-684A-4994-88F6-FE7275983553}.Release|x64.ActiveCfg = Release|x64
		{13B42E8D-684A-4994-88F6-FE7275983553}.Release|x64.Build.0 = Release|x64
		{1167253C-B6CE-4B81-8F24-6A1C274DDCF2}.Debug|Mixed Platforms.ActiveCfg = Debug|x64
		{1167253C-B6CE-4B81-8F24-6A1C274DDCF2}.Debug|Mixed Platforms.Build.0 = Debug|x64
		{1167253C-B6CE-4B81-8F24-6A1C274DDCF2}.Debug|Win32.ActiveCfg = Debug|Win32
		{1167253C-B6CE-4B81-8F24-6A1C274DDCF2}.Debug|Win32.Build.0 = Debug|Win32
		{1167253C-B6CE-4B81-8F24-6A1C274DDCF2}.Debug|x64.ActiveCfg = Debug|x64
		{1167253C-B6CE-4B81-8F24-6A1C274DDCF2}.Debug|x64.Build.0 = Debug|x64
		{1167253C-B6CE-4B81-8F24-6A1C274DDCF2}.DLL Debug|Mixed Platforms.ActiveCfg = Debug|Win32
		{1167253C-B6CE-4B81-8F24-6A1C274DDCF2}.DLL Debug|Mixed Platforms.Build.0 = Debug|Win32
		{1167253C-B6CE-4B81-8F24-6A1C274DDCF2}.DLL Debug|Win32.ActiveCfg = Debug|Win32
		{1167253C-B6CE-4B81-8F24-6A1C274DDCF2}.DLL Debug|Win32.Build.0 = Debug|Win32
		{1167253C-B6CE-4B81-8F24-6A1C274DDCF2}.DLL Debug|x64.ActiveCfg = Debug|x64
		{1167253C-B6CE-4B81-8F24-6A1C274DDCF2}.DLL Debug|x64.Build.0 = Debug|x64
		{1167253C-B6CE-4B81-8F24-6A1C274DDCF2}.DLL Release|Mixed Platforms.ActiveCfg = Release|Win32
		{1167253C-B6CE-4B81-8F24-6A1C274DDCF2}.DLL Release|Mixed Platforms.Build.0 = Release|Win32
		{1167253C-B6CE-4B81-8F24-6A1C274DDCF2}.DLL Release|Win32.ActiveCfg = Release|Win32
		{1167253C-B6CE-4B81-8F24-6A1C274DDCF2}.DLL Release|Win32.Build.0 = Release|Win32
		{1167253C-B6CE-4B81-8F24-6A1C274DDCF2}.DLL Release|x64.ActiveCfg = Release|x64
		{1167253C-B6CE-4B81-8F24-6A1C274DDCF2}.DLL Release|x64.Build.0 = Release|x64
		{1167253C-B6CE-4B81-8F24-6A1C274DDCF2}.DLL VB|Mixed Platforms.ActiveCfg = Debug|Win32
		{1167253C-B6CE-4B81-8F24-6A1C274DDCF2}.DLL VB|Mixed Platforms.Build.0 = Debug|Win32
		{1167253C-B6CE-4B81-8F24-6A1C274DDCF2}.DLL VB|Win32.ActiveCfg = Debug|Win32
		{1167253C-B6CE-4B81-8F24-6A1C274DDCF2}.DLL VB|Win32.Build.0 = Debug|Win32
		{1167253C-B6CE-4B81-8F24-6A1C274DDCF2}.DLL VB|x64.ActiveCfg = Debug|x64
		{1167253C-B6CE-4B81-8F24-6A1C274DDCF2}.DLL VB|x64.Build.0 = Debug|x64
		{1167253C-B6CE-4B81-8F24-6A1C274DDCF2}.LIB Debug|Mixed Platforms.ActiveCfg = Debug|Win32
		{1167253C-B6CE-4B81-8F24-6A1C274DDCF2}.LIB Debug|Mixed Platforms.Build.0 = Debug|Win32
		{1167253C-B6CE-4B81-8F24-6A1C274DDCF2}.LIB Debug|Win32.ActiveCfg = Debug|Win32
		{1167253C-B6CE-4B81-8F24-6A1C274DDCF2}.LIB Debug|Win32.Build.0 = Debug|Win32
		{1167253C-B6CE-4B81-8F24-6A1C274DDCF2}.LIB Debug|x64.ActiveCfg = Debug|x64
		{1167253C-B6CE-4B81-8F24-6A1C274DDCF2}.LIB Debug|x64.Build.0 = Debug|x64
		{1167253C-B6CE-4B81-8F24-6A1C274DDCF2}.LIB Release|Mixed Platforms.ActiveCfg = Release|Win32
		{1167253C-B6CE-4B81-8F24-6A1C274DDCF2}.LIB Release|Mixed Platforms.Build.0 = Release|Win32
		{1167253C-B6CE-4B81-8F24-6A1C274DDCF2}.LIB Release|Win32.ActiveCfg = Release|Win32
		{1167253C-B6CE-4B81-8F24-6A1C274DDCF2}.LIB Release|Win32.Build.0 = Release|Win32
		{1167253C-B6CE-4B81-8F24-6A1C274DDCF2}.LIB Release|x64.ActiveCfg = Release|x64
		{1167253C-B6CE-4B81-8F24-6A1C274DDCF2}.LIB Release|x64.Build.0 = Release|x64
		{1167253C-B6CE-4B81-8F24-6A1C274DDCF2}.Release|Mixed Platforms.ActiveCfg = Release|Win32
		{1167253C-B6CE-4B81-8F24-6A1C274DDCF2}.Release|Mixed Platforms.Build.0 = Release|Win32
		{1167253C-B6CE-4B81-8F24-6A1C274DDCF2}.Release|Win32.ActiveCfg = Release|Win32
		{1167253C-B6CE-4B81-8F24-6A1C274DDCF2}.Release|Win32.Build.0 = Release|Win32
		{1167253C-B6CE-4B81-8F24-6A1C274DDCF2}.Release|x64.ActiveCfg = Release|x64
		{1167253C-B6CE-4B81-8F24-6A1C274DDCF2}.Release|x64.Build.0 = Release|x64
		{DC8D4807-A963-42AA-865C-184FCB0B514F}.Debug|Mixed Platforms.ActiveCfg = Debug|x64
		{DC8D4807-A963-42AA-865C-184FCB0B514F}.Debug|Mixed Platforms.Build.0 = Debug|x64
		{DC8D4807-A963-42AA-865C-184FCB0B514F}.Debug|Win32.ActiveCfg = Debug|Win32
		{DC8D4807-A963-42AA-865C-184FCB0B514F}.Debug|Win32.Build.0 = Debug|Win32
		{DC8D4807-A963-42AA-865C-184FCB0B514F}.Debug|x64.ActiveCfg = Debug|x64
		{DC8D4807-A963-42AA-865C-184FCB0B514F}.Debug|x64.Build.0 = Debug|x64
		{DC8D4807-A963-42AA-865C-184FCB0B514F}.DLL Debug|Mixed Platforms.ActiveCfg = Debug|Win32
		{DC8D4807-A963-42AA-865C-184FCB0B514F}.DLL Debug|Mixed Platforms.Build.0 = Debug|Win32
		{DC8D4807-A963-42AA-865C-184FCB0B514F}.DLL Debug|Win32.ActiveCfg = Debug|Win32
		{DC8D4807-A963-42AA-865C-184FCB0B514F}.DLL Debug|Win32.Build.0 = Debug|Win32
		{DC8D4807-A963-42AA-865C-184FCB0B514F}.DLL Debug|x64.ActiveCfg = Debug|x64
		{DC8D4807-A963-42AA-865C-184FCB0B514F}.DLL Debug|x64.Build.0 = Debug|x64
		{DC8D4807-A963-42AA-865C-184FCB0B514F}.DLL Release|Mixed Platforms.ActiveCfg = Release|Win32
		{DC8D4807-A963-42AA-865C-184FCB0B514F}.DLL Release|Mixed Platforms.Build.0 = Release|Win32
		{DC8D4807-A963-42AA-865C-184FCB0B514F}.DLL Release|Win32.ActiveCfg = Release|Win32
		{DC8D4807-A963-42AA-865C-184FCB0B514F}.DLL Release|Win32.Build.0 = Release|Win32
		{DC8D4807-A963-42AA-865C-184FCB0B514F}.DLL Release|x64.ActiveCfg = Release|x64
		{DC8D4807-A963-42AA-865C-184FCB0B514F}.DLL Release|x64.Build.0 = Release|x64
		{DC8D4807-A963-42AA-865C-184FCB0B514F}.DLL VB|Mixed Platforms.ActiveCfg = Debug|Win32
		{DC8D4807-A963-42AA-865C-184FCB0B514F}.DLL VB|Mixed Platforms.Build.0 = Debug|Win32
		{DC8D4807-A963-42AA-865C-184FCB0B514F}.DLL VB|Win32.ActiveCfg = Debug|Win32
		{DC8D4807-A963-42AA-865C-184FCB0B514F}.DLL VB|Win32.Build.0 = Debug|Win32
		{DC8D4807-A963-42AA-865C-184FCB0B514F}.DLL VB|x64.ActiveCfg = Debug|x64
		{DC8D4807-A963-42AA-865C-184FCB0B514F}.DLL VB|x64.Build.0 = Debug|x64
		{DC8D4807-A963-42AA-865C-184FCB0B514F}.LIB Debug|Mixed Platforms.ActiveCfg = Debug|Win32
		{DC8D4807-A963-42AA-865C-184FCB0B514F}.LIB Debug|Mixed Platforms.Build.0 = Debug|Win32
		{DC8D4807-A963-42AA-865C-184FCB0B514F}.LIB Debug|Win32.ActiveCfg = Debug|Win32
		{DC8D4807-A963-42AA-865C-184FCB0B514F}.LIB Debug|Win32.Build.0 = Debug|Win32
		{DC8D4807-A963-42AA-865C-184FCB0B514F}.LIB Debug|x64.ActiveCfg = Debug|x64
		{DC8D4807-A963-42AA-865C-184FCB0B514F}.LIB Debug|x64.Build.0 = Debug|x64
		{DC8D4807-A963-42AA-865C-184FCB0B514F}.LIB Release|Mixed Platforms.ActiveCfg = Release|Win32
		{DC8D4807-A963-42AA-865C-184FCB0B514F}.LIB Release|Mixed Platforms.Build.0 = Release|Win32
		{DC8D4807-A963-42AA-865C-184FCB0B514F}.LIB Release|Win32.ActiveCfg = Release|Win32
		{DC8D4807-A963-42AA-865C-184FCB0B514F}.LIB Release|Win32.Build.0 = Release|Win32
		{DC8D4807-A963-42AA-865C-184FCB0B514F}.LIB Release|x64.ActiveCfg = Release|x64
		{DC8D4807-A963-42AA-865C-184FCB0B514F}.LIB Release|x64.Build.0 = Release|x64
		{DC8D4807-A963-42AA-865C-184FCB0B514F}.Release|Mixed Platforms.ActiveCfg = Release|Win32
		{DC8D4807-A963-42AA-865C-184FCB0B514F}.Release|Mixed Platforms.Build.0 = Release|Win32
		{DC8D4807-A963-42AA-865C-184FCB0B514F}.Release|Win32.ActiveCfg = Release|Win32
		{DC8D4807-A963-42AA-865C-184FCB0B514F}.Release|Win32.Build.0 = Release|Win32
		{DC8D4807-A963-42AA-865C-184FCB0B514F}.Release|x64.ActiveCfg = Release|x64
		{DC8D4807-A963-42AA-865C-184FCB0B514F}.Release|x64.Build.0 = Release|x64
		{BF5F3B85-A969-494C-9A48-52371A7AD0A7}.Debug|Mixed Platforms.ActiveCfg = Debug|x64
		{BF5F3B85-A969-494C-9A48-52371A7AD0A7}.Debug|Mixed Platforms.Build.0 = Debug|x64
		{BF5F3B85-A969-494C-9A48-52371A7AD0A7}.Debug|Win32.ActiveCfg = Debug|Win32
		{BF5F3B85-A969-494C-9A48-52371A7AD0A7}.Debug|Win32.Build.0 = Debug|Win32
		{BF5F3B85-A969-494C-9A48-52371A7AD0A7}.Debug|x64.ActiveCfg = Debug|x64
		{BF5F3B85-A969-494C-9A48-52371A7AD0A7}.Debug|x64.Build.0 = Debug|x64
		{BF5F3B85-A969-494C-9A48-52371A7AD0A7}.DLL Debug|Mixed Platforms.ActiveCfg = Debug|Win32
		{BF5F3B85-A969-494C-9A48-52371A7AD0A7}.DLL Debug|Mixed Platforms.Build.0 = Debug|Win32
		{BF5F3B85-A969-494C-9A48-52371A7AD0A7}.DLL Debug|Win32.ActiveCfg = Debug|Win32
		{BF5F3B85-A969-494C-9A48-52371A7AD0A7}.DLL Debug|Win32.Build.0 = Debug|Win32
		{BF5F3B85-A969-494C-9A48-52371A7AD0A7}.DLL Debug|x64.ActiveCfg = Debug|x64
		{BF5F3B85-A969-494C-9A48-52371A7AD0A7}.DLL Debug|x64.Build.0 = Debug|x64
		{BF5F3B85-A969-494C-9A48-52371A7AD0A7}.DLL Release|Mixed Platforms.ActiveCfg = Release|Win32
		{BF5F3B85-A969-494C-9A48-52371A7AD0A7}.DLL Release|Mixed Platforms.Build.0 = Release|Win32
		{BF5F3B85-A969-494C-9A48-52371A7AD0A7}.DLL Release|Win32.ActiveCfg = Release|Win32
		{BF5F3B85-A969-494C-9A48-52371A7AD0A7}.DLL Release|Win32.Build.0 = Release|Win32
		{BF5F3B85-A969-494C-9A48-52371A7AD0A7}.DLL Release|x64.ActiveCfg = Release|x64
		{BF5F3B85-A969-494C-9A48-52371A7AD0A7}.DLL Release|x64.Build.0 = Release|x64
		{BF5F3B85-A969-494C-9A48-52371A7AD0A7}.DLL VB|Mixed Platforms.ActiveCfg = Debug|Win32
		{BF5F3B85-A969-494C-9A48-52371A7AD0A7}.DLL VB|Mixed Platforms.Build.0 = Debug|Win32
		{BF5F3B85-A969-494C-9A48-52371A7AD0A7}.DLL VB|Win32.ActiveCfg = Debug|Win32
		{BF5F3B85-A969-494C-9A48-52371A7AD0A7}.DLL VB|Win32.Build.0 = Debug|Win32
		{BF5F3B85-A969-494C-9A48-52371A7AD0A7}.DLL VB|x64.ActiveCfg = Debug|x64
		{BF5F3B85-A969-494C-9A48-52371A7AD0A7}.DLL VB|x64.Build.0 = Debug|x64
		{BF5F3B85-A969-494C-9A48-52371A7AD0A7}.LIB Debug|Mixed Platforms.ActiveCfg = Debug|Win32
		{BF5F3B85-A969-494C-9A48-52371A7AD0A7}.LIB Debug|Mixed Platforms.Build.0 = Debug|Win32
		{BF5F3B85-A969-494C-9A48-52371A7AD0A7}.LIB Debug|Win32.ActiveCfg = Debug|Win32
		{BF5F3B85-A969-494C-9A48-52371A7AD0A7}.LIB Debug|Win32.Build.0 = Debug|Win32
		{BF5F3B85-A969-494C-9A48-52371A7AD0A7}.LIB Debug|x64.ActiveCfg = Debug|x64
		{BF5F3B85-A969-494C-9A48-52371A7AD0A7}.LIB Debug|x64.Build.0 = Debug|x64
		{BF5F3B85-A969-494C-9A48-52371A7AD0A7}.LIB Release|Mixed Platforms.ActiveCfg = Release|Win32
		{BF5F3B85-A969-494C-9A48-52371A7AD0A7}.LIB Release|Mixed Platforms.Build.0 = Release|Win32
		{BF5F3B85-A969-494C-9A48-52371A7AD0A7}.LIB Release|Win32.ActiveCfg = Release|Win32
		{BF5F3B85-A969-494C-9A48-52371A7AD0A7}.LIB Release|Win32.Build.0 = Release|Win32
		{BF5F3B85-A969-494C-9A48-52371A7AD0A7}.LIB Release|x64.ActiveCfg = Release|x64
		{BF5F3B85-A969-494C-9A48-52371A7AD0A7}.LIB Release|x64.Build.0 = Release|x64
		{BF5F3B85-A969-494C-9A48-52371A7AD0A7}.Release|Mixed Platforms.ActiveCfg = Release|Win32
		{BF5F3B85-A969-494C-9A48-52371A7AD0A7}.Release|Mixed Platforms.Build.0 = Release|Win32
		{BF5F3B85-A969-494C-9A48-52371A7AD0A7}.Release|Win32.ActiveCfg = Release|Win32
		{BF5F3B85-A969-494C-9A48-52371A7AD0A7}.Release|Win32.Build.0 = Release|Win32
		{BF5F3B85-A969-494C-9A48-52371A7AD0A7}.Release|x64.ActiveCfg = Release|x64
		{BF5F3B85-A969-494C-9A48-52371A7AD0A7}.Release|x64.Build.0 = Release|x64
	EndGlobalSection
	GlobalSection(SolutionProperties) = preSolution
		HideSolutionNode = FALSE
	EndGlobalSection
	GlobalSection(NestedProjects) = preSolution
		{BF5F3B85-A969-494C-9A48-52371A7AD0A7} = {CA6F7F96-C747-49BF-A235-0B1FF55B55FF}
	EndGlobalSection
EndGlobal
